// !$*UTF8*$!
{
	archiveVersion = 1;
	classes = {
	};
	objectVersion = 46;
	objects = {

/* Begin PBXBuildFile section */
		E3F35D351B42E2250077A778 /* main.m in Sources */ = {isa = PBXBuildFile; fileRef = E3F35D341B42E2250077A778 /* main.m */; };
		E3F35D381B42E2250077A778 /* AppDelegate.m in Sources */ = {isa = PBXBuildFile; fileRef = E3F35D371B42E2250077A778 /* AppDelegate.m */; };
		E3F35D3B1B42E2250077A778 /* ViewController.m in Sources */ = {isa = PBXBuildFile; fileRef = E3F35D3A1B42E2250077A778 /* ViewController.m */; };
		E3F35D3E1B42E2250077A778 /* Main.storyboard in Resources */ = {isa = PBXBuildFile; fileRef = E3F35D3C1B42E2250077A778 /* Main.storyboard */; };
		E3F35D401B42E2250077A778 /* Images.xcassets in Resources */ = {isa = PBXBuildFile; fileRef = E3F35D3F1B42E2250077A778 /* Images.xcassets */; };
		E3F35D431B42E2250077A778 /* LaunchScreen.xib in Resources */ = {isa = PBXBuildFile; fileRef = E3F35D411B42E2250077A778 /* LaunchScreen.xib */; };
		E3F35D4F1B42E2260077A778 /* ChoiceTests.m in Sources */ = {isa = PBXBuildFile; fileRef = E3F35D4E1B42E2260077A778 /* ChoiceTests.m */; };
/* End PBXBuildFile section */

/* Begin PBXContainerItemProxy section */
		E3F35D491B42E2260077A778 /* PBXContainerItemProxy */ = {
			isa = PBXContainerItemProxy;
			containerPortal = E3F35D271B42E2250077A778 /* Project object */;
			proxyType = 1;
			remoteGlobalIDString = E3F35D2E1B42E2250077A778;
			remoteInfo = Choice;
		};
/* End PBXContainerItemProxy section */

/* Begin PBXFileReference section */
		E3F35D2F1B42E2250077A778 /* Choice.app */ = {isa = PBXFileReference; explicitFileType = wrapper.application; includeInIndex = 0; path = Choice.app; sourceTree = BUILT_PRODUCTS_DIR; };
		E3F35D331B42E2250077A778 /* Info.plist */ = {isa = PBXFileReference; lastKnownFileType = text.plist.xml; path = Info.plist; sourceTree = "<group>"; };
		E3F35D341B42E2250077A778 /* main.m */ = {isa = PBXFileReference; lastKnownFileType = sourcecode.c.objc; path = main.m; sourceTree = "<group>"; };
		E3F35D361B42E2250077A778 /* AppDelegate.h */ = {isa = PBXFileReference; lastKnownFileType = sourcecode.c.h; path = AppDelegate.h; sourceTree = "<group>"; };
		E3F35D371B42E2250077A778 /* AppDelegate.m */ = {isa = PBXFileReference; lastKnownFileType = sourcecode.c.objc; path = AppDelegate.m; sourceTree = "<group>"; };
		E3F35D391B42E2250077A778 /* ViewController.h */ = {isa = PBXFileReference; lastKnownFileType = sourcecode.c.h; path = ViewController.h; sourceTree = "<group>"; };
		E3F35D3A1B42E2250077A778 /* ViewController.m */ = {isa = PBXFileReference; lastKnownFileType = sourcecode.c.objc; path = ViewController.m; sourceTree = "<group>"; };
		E3F35D3D1B42E2250077A778 /* Base */ = {isa = PBXFileReference; lastKnownFileType = file.storyboard; name = Base; path = Base.lproj/Main.storyboard; sourceTree = "<group>"; };
		E3F35D3F1B42E2250077A778 /* Images.xcassets */ = {isa = PBXFileReference; lastKnownFileType = folder.assetcatalog; path = Images.xcassets; sourceTree = "<group>"; };
		E3F35D421B42E2250077A778 /* Base */ = {isa = PBXFileReference; lastKnownFileType = file.xib; name = Base; path = Base.lproj/LaunchScreen.xib; sourceTree = "<group>"; };
		E3F35D481B42E2260077A778 /* ChoiceTests.xctest */ = {isa = PBXFileReference; explicitFileType = wrapper.cfbundle; includeInIndex = 0; path = ChoiceTests.xctest; sourceTree = BUILT_PRODUCTS_DIR; };
		E3F35D4D1B42E2260077A778 /* Info.plist */ = {isa = PBXFileReference; lastKnownFileType = text.plist.xml; path = Info.plist; sourceTree = "<group>"; };
		E3F35D4E1B42E2260077A778 /* ChoiceTests.m */ = {isa = PBXFileReference; lastKnownFileType = sourcecode.c.objc; path = ChoiceTests.m; sourceTree = "<group>"; };
/* End PBXFileReference section */

/* Begin PBXFrameworksBuildPhase section */
		E3F35D2C1B42E2250077A778 /* Frameworks */ = {
			isa = PBXFrameworksBuildPhase;
			buildActionMask = 2147483647;
			files = (
			);
			runOnlyForDeploymentPostprocessing = 0;
		};
		E3F35D451B42E2260077A778 /* Frameworks */ = {
			isa = PBXFrameworksBuildPhase;
			buildActionMask = 2147483647;
			files = (
			);
			runOnlyForDeploymentPostprocessing = 0;
		};
/* End PBXFrameworksBuildPhase section */

/* Begin PBXGroup section */
		E3F35D261B42E2250077A778 = {
			isa = PBXGroup;
			children = (
				E3F35D311B42E2250077A778 /* Choice */,
				E3F35D4B1B42E2260077A778 /* ChoiceTests */,
				E3F35D301B42E2250077A778 /* Products */,
			);
			sourceTree = "<group>";
		};
		E3F35D301B42E2250077A778 /* Products */ = {
			isa = PBXGroup;
			children = (
				E3F35D2F1B42E2250077A778 /* Choice.app */,
				E3F35D481B42E2260077A778 /* ChoiceTests.xctest */,
			);
			name = Products;
			sourceTree = "<group>";
		};
		E3F35D311B42E2250077A778 /* Choice */ = {
			isa = PBXGroup;
			children = (
				E3F35D361B42E2250077A778 /* AppDelegate.h */,
				E3F35D371B42E2250077A778 /* AppDelegate.m */,
				E3F35D391B42E2250077A778 /* ViewController.h */,
				E3F35D3A1B42E2250077A778 /* ViewController.m */,
				E3F35D3C1B42E2250077A778 /* Main.storyboard */,
				E3F35D3F1B42E2250077A778 /* Images.xcassets */,
				E3F35D411B42E2250077A778 /* LaunchScreen.xib */,
				E3F35D321B42E2250077A778 /* Supporting Files */,
			);
			path = Choice;
			sourceTree = "<group>";
		};
		E3F35D321B42E2250077A778 /* Supporting Files */ = {
			isa = PBXGroup;
			children = (
				E3F35D331B42E2250077A778 /* Info.plist */,
				E3F35D341B42E2250077A778 /* main.m */,
			);
			name = "Supporting Files";
			sourceTree = "<group>";
		};
		E3F35D4B1B42E2260077A778 /* ChoiceTests */ = {
			isa = PBXGroup;
			children = (
				E3F35D4E1B42E2260077A778 /* ChoiceTests.m */,
				E3F35D4C1B42E2260077A778 /* Supporting Files */,
			);
			path = ChoiceTests;
			sourceTree = "<group>";
		};
		E3F35D4C1B42E2260077A778 /* Supporting Files */ = {
			isa = PBXGroup;
			children = (
				E3F35D4D1B42E2260077A778 /* Info.plist */,
			);
			name = "Supporting Files";
			sourceTree = "<group>";
		};
/* End PBXGroup section */

/* Begin PBXNativeTarget section */
		E3F35D2E1B42E2250077A778 /* Choice */ = {
			isa = PBXNativeTarget;
			buildConfigurationList = E3F35D521B42E2260077A778 /* Build configuration list for PBXNativeTarget "Choice" */;
			buildPhases = (
				E3F35D2B1B42E2250077A778 /* Sources */,
				E3F35D2C1B42E2250077A778 /* Frameworks */,
				E3F35D2D1B42E2250077A778 /* Resources */,
			);
			buildRules = (
			);
			dependencies = (
			);
			name = Choice;
			productName = Choice;
			productReference = E3F35D2F1B42E2250077A778 /* Choice.app */;
			productType = "com.apple.product-type.application";
		};
		E3F35D471B42E2260077A778 /* ChoiceTests */ = {
			isa = PBXNativeTarget;
			buildConfigurationList = E3F35D551B42E2260077A778 /* Build configuration list for PBXNativeTarget "ChoiceTests" */;
			buildPhases = (
				E3F35D441B42E2260077A778 /* Sources */,
				E3F35D451B42E2260077A778 /* Frameworks */,
				E3F35D461B42E2260077A778 /* Resources */,
			);
			buildRules = (
			);
			dependencies = (
				E3F35D4A1B42E2260077A778 /* PBXTargetDependency */,
			);
			name = ChoiceTests;
			productName = ChoiceTests;
			productReference = E3F35D481B42E2260077A778 /* ChoiceTests.xctest */;
			productType = "com.apple.product-type.bundle.unit-test";
		};
/* End PBXNativeTarget section */

/* Begin PBXProject section */
		E3F35D271B42E2250077A778 /* Project object */ = {
			isa = PBXProject;
			attributes = {
				LastUpgradeCheck = 0630;
				ORGANIZATIONNAME = Tedz;
				TargetAttributes = {
					E3F35D2E1B42E2250077A778 = {
						CreatedOnToolsVersion = 6.3.2;
					};
					E3F35D471B42E2260077A778 = {
						CreatedOnToolsVersion = 6.3.2;
						TestTargetID = E3F35D2E1B42E2250077A778;
					};
				};
			};
			buildConfigurationList = E3F35D2A1B42E2250077A778 /* Build configuration list for PBXProject "Choice" */;
			compatibilityVersion = "Xcode 3.2";
			developmentRegion = English;
			hasScannedForEncodings = 0;
			knownRegions = (
				en,
				Base,
			);
			mainGroup = E3F35D261B42E2250077A778;
			productRefGroup = E3F35D301B42E2250077A778 /* Products */;
			projectDirPath = "";
			projectRoot = "";
			targets = (
				E3F35D2E1B42E2250077A778 /* Choice */,
				E3F35D471B42E2260077A778 /* ChoiceTests */,
			);
		};
/* End PBXProject section */

/* Begin PBXResourcesBuildPhase section */
		E3F35D2D1B42E2250077A778 /* Resources */ = {
			isa = PBXResourcesBuildPhase;
			buildActionMask = 2147483647;
			files = (
				E3F35D3E1B42E2250077A778 /* Main.storyboard in Resources */,
				E3F35D431B42E2250077A778 /* LaunchScreen.xib in Resources */,
				E3F35D401B42E2250077A778 /* Images.xcassets in Resources */,
			);
			runOnlyForDeploymentPostprocessing = 0;
		};
		E3F35D461B42E2260077A778 /* Resources */ = {
			isa = PBXResourcesBuildPhase;
			buildActionMask = 2147483647;
			files = (
			);
			runOnlyForDeploymentPostprocessing = 0;
		};
/* End PBXResourcesBuildPhase section */

/* Begin PBXSourcesBuildPhase section */
		E3F35D2B1B42E2250077A778 /* Sources */ = {
			isa = PBXSourcesBuildPhase;
			buildActionMask = 2147483647;
			files = (
				E3F35D3B1B42E2250077A778 /* ViewController.m in Sources */,
				E3F35D381B42E2250077A778 /* AppDelegate.m in Sources */,
				E3F35D351B42E2250077A778 /* main.m in Sources */,
			);
			runOnlyForDeploymentPostprocessing = 0;
		};
		E3F35D441B42E2260077A778 /* Sources */ = {
			isa = PBXSourcesBuildPhase;
			buildActionMask = 2147483647;
			files = (
				E3F35D4F1B42E2260077A778 /* ChoiceTests.m in Sources */,
			);
			runOnlyForDeploymentPostprocessing = 0;
		};
/* End PBXSourcesBuildPhase section */

/* Begin PBXTargetDependency section */
		E3F35D4A1B42E2260077A778 /* PBXTargetDependency */ = {
			isa = PBXTargetDependency;
			target = E3F35D2E1B42E2250077A778 /* Choice */;
			targetProxy = E3F35D491B42E2260077A778 /* PBXContainerItemProxy */;
		};
/* End PBXTargetDependency section */

/* Begin PBXVariantGroup section */
		E3F35D3C1B42E2250077A778 /* Main.storyboard */ = {
			isa = PBXVariantGroup;
			children = (
				E3F35D3D1B42E2250077A778 /* Base */,
			);
			name = Main.storyboard;
			sourceTree = "<group>";
		};
		E3F35D411B42E2250077A778 /* LaunchScreen.xib */ = {
			isa = PBXVariantGroup;
			children = (
				E3F35D421B42E2250077A778 /* Base */,
			);
			name = LaunchScreen.xib;
			sourceTree = "<group>";
		};
/* End PBXVariantGroup section */

/* Begin XCBuildConfiguration section */
		E3F35D501B42E2260077A778 /* Debug */ = {
			isa = XCBuildConfiguration;
			buildSettings = {
				ALWAYS_SEARCH_USER_PATHS = NO;
				CLANG_CXX_LANGUAGE_STANDARD = "gnu++0x";
				CLANG_CXX_LIBRARY = "libc++";
				CLANG_ENABLE_MODULES = YES;
				CLANG_ENABLE_OBJC_ARC = YES;
				CLANG_WARN_BOOL_CONVERSION = YES;
				CLANG_WARN_CONSTANT_CONVERSION = YES;
				CLANG_WARN_DIRECT_OBJC_ISA_USAGE = YES_ERROR;
				CLANG_WARN_EMPTY_BODY = YES;
				CLANG_WARN_ENUM_CONVERSION = YES;
				CLANG_WARN_INT_CONVERSION = YES;
				CLANG_WARN_OBJC_ROOT_CLASS = YES_ERROR;
				CLANG_WARN_UNREACHABLE_CODE = YES;
				CLANG_WARN__DUPLICATE_METHOD_MATCH = YES;
				"CODE_SIGN_IDENTITY[sdk=iphoneos*]" = "iPhone Developer";
				COPY_PHASE_STRIP = NO;
				DEBUG_INFORMATION_FORMAT = "dwarf-with-dsym";
				ENABLE_STRICT_OBJC_MSGSEND = YES;
				GCC_C_LANGUAGE_STANDARD = gnu99;
				GCC_DYNAMIC_NO_PIC = NO;
				GCC_NO_COMMON_BLOCKS = YES;
				GCC_OPTIMIZATION_LEVEL = 0;
				GCC_PREPROCESSOR_DEFINITIONS = (
					"DEBUG=1",
					"$(inherited)",
				);
				GCC_SYMBOLS_PRIVATE_EXTERN = NO;
				GCC_WARN_64_TO_32_BIT_CONVERSION = YES;
				GCC_WARN_ABOUT_RETURN_TYPE = YES_ERROR;
				GCC_WARN_UNDECLARED_SELECTOR = YES;
				GCC_WARN_UNINITIALIZED_AUTOS = YES_AGGRESSIVE;
				GCC_WARN_UNUSED_FUNCTION = YES;
				GCC_WARN_UNUSED_VARIABLE = YES;
				IPHONEOS_DEPLOYMENT_TARGET = 8.3;
				MTL_ENABLE_DEBUG_INFO = YES;
				ONLY_ACTIVE_ARCH = YES;
				SDKROOT = iphoneos;
				TARGETED_DEVICE_FAMILY = "1,2";
			};
			name = Debug;
		};
		E3F35D511B42E2260077A778 /* Release */ = {
			isa = XCBuildConfiguration;
			buildSettings = {
				ALWAYS_SEARCH_USER_PATHS = NO;
				CLANG_CXX_LANGUAGE_STANDARD = "gnu++0x";
				CLANG_CXX_LIBRARY = "libc++";
				CLANG_ENABLE_MODULES = YES;
				CLANG_ENABLE_OBJC_ARC = YES;
				CLANG_WARN_BOOL_CONVERSION = YES;
				CLANG_WARN_CONSTANT_CONVERSION = YES;
				CLANG_WARN_DIRECT_OBJC_ISA_USAGE = YES_ERROR;
				CLANG_WARN_EMPTY_BODY = YES;
				CLANG_WARN_ENUM_CONVERSION = YES;
				CLANG_WARN_INT_CONVERSION = YES;
				CLANG_WARN_OBJC_ROOT_CLASS = YES_ERROR;
				CLANG_WARN_UNREACHABLE_CODE = YES;
				CLANG_WARN__DUPLICATE_METHOD_MATCH = YES;
				"CODE_SIGN_IDENTITY[sdk=iphoneos*]" = "iPhone Developer";
				COPY_PHASE_STRIP = NO;
				DEBUG_INFORMATION_FORMAT = "dwarf-with-dsym";
				ENABLE_NS_ASSERTIONS = NO;
				ENABLE_STRICT_OBJC_MSGSEND = YES;
				GCC_C_LANGUAGE_STANDARD = gnu99;
				GCC_NO_COMMON_BLOCKS = YES;
				GCC_WARN_64_TO_32_BIT_CONVERSION = YES;
				GCC_WARN_ABOUT_RETURN_TYPE = YES_ERROR;
				GCC_WARN_UNDECLARED_SELECTOR = YES;
				GCC_WARN_UNINITIALIZED_AUTOS = YES_AGGRESSIVE;
				GCC_WARN_UNUSED_FUNCTION = YES;
				GCC_WARN_UNUSED_VARIABLE = YES;
				IPHONEOS_DEPLOYMENT_TARGET = 8.3;
				MTL_ENABLE_DEBUG_INFO = NO;
				SDKROOT = iphoneos;
				TARGETED_DEVICE_FAMILY = "1,2";
				VALIDATE_PRODUCT = YES;
			};
			name = Release;
		};
		E3F35D531B42E2260077A778 /* Debug */ = {
			isa = XCBuildConfiguration;
			buildSettings = {
				ASSETCATALOG_COMPILER_APPICON_NAME = AppIcon;
				INFOPLIST_FILE = Choice/Info.plist;
				LD_RUNPATH_SEARCH_PATHS = "$(inherited) @executable_path/Frameworks";
				PRODUCT_NAME = "$(TARGET_NAME)";
			};
			name = Debug;
		};
		E3F35D541B42E2260077A778 /* Release */ = {
			isa = XCBuildConfiguration;
			buildSettings = {
				ASSETCATALOG_COMPILER_APPICON_NAME = AppIcon;
				INFOPLIST_FILE = Choice/Info.plist;
				LD_RUNPATH_SEARCH_PATHS = "$(inherited) @executable_path/Frameworks";
				PRODUCT_NAME = "$(TARGET_NAME)";
			};
			name = Release;
		};
		E3F35D561B42E2260077A778 /* Debug */ = {
			isa = XCBuildConfiguration;
			buildSettings = {
				BUNDLE_LOADER = "$(TEST_HOST)";
				FRAMEWORK_SEARCH_PATHS = (
					"$(SDKROOT)/Developer/Library/Frameworks",
					"$(inherited)",
				);
				GCC_PREPROCESSOR_DEFINITIONS = (
					"DEBUG=1",
					"$(inherited)",
				);
				INFOPLIST_FILE = ChoiceTests/Info.plist;
				LD_RUNPATH_SEARCH_PATHS = "$(inherited) @executable_path/Frameworks @loader_path/Frameworks";
				PRODUCT_NAME = "$(TARGET_NAME)";
				TEST_HOST = "$(BUILT_PRODUCTS_DIR)/Choice.app/Choice";
			};
			name = Debug;
		};
		E3F35D571B42E2260077A778 /* Release */ = {
			isa = XCBuildConfiguration;
			buildSettings = {
				BUNDLE_LOADER = "$(TEST_HOST)";
				FRAMEWORK_SEARCH_PATHS = (
					"$(SDKROOT)/Developer/Library/Frameworks",
					"$(inherited)",
				);
				INFOPLIST_FILE = ChoiceTests/Info.plist;
				LD_RUNPATH_SEARCH_PATHS = "$(inherited) @executable_path/Frameworks @loader_path/Frameworks";
				PRODUCT_NAME = "$(TARGET_NAME)";
				TEST_HOST = "$(BUILT_PRODUCTS_DIR)/Choice.app/Choice";
			};
			name = Release;
		};
/* End XCBuildConfiguration section */

/* Begin XCConfigurationList section */
		E3F35D2A1B42E2250077A778 /* Build configuration list for PBXProject "Choice" */ = {
			isa = XCConfigurationList;
			buildConfigurations = (
				E3F35D501B42E2260077A778 /* Debug */,
				E3F35D511B42E2260077A778 /* Release */,
			);
			defaultConfigurationIsVisible = 0;
			defaultConfigurationName = Release;
		};
		E3F35D521B42E2260077A778 /* Build configuration list for PBXNativeTarget "Choice" */ = {
			isa = XCConfigurationList;
			buildConfigurations = (
				E3F35D531B42E2260077A778 /* Debug */,
				E3F35D541B42E2260077A778 /* Release */,
			);
			defaultConfigurationIsVisible = 0;
		};
		E3F35D551B42E2260077A778 /* Build configuration list for PBXNativeTarget "ChoiceTests" */ = {
			isa = XCConfigurationList;
			buildConfigurations = (
				E3F35D561B42E2260077A778 /* Debug */,
				E3F35D571B42E2260077A778 /* Release */,
			);
			defaultConfigurationIsVisible = 0;
		};
/* End XCConfigurationList section */
	};
	rootObject = E3F35D271B42E2250077A778 /* Project object */;
}
